
Microsoft Visual Studio Solution File, Format Version 12.00
# Visual Studio 14
VisualStudioVersion = 14.0.25420.1
MinimumVisualStudioVersion = 10.0.40219.1
Project("{FAE04EC0-301F-11D3-BF4B-00C04F79EFBC}") = "WuHu.SQLServer", "WuHu.SQLServer\WuHu.SQLServer.csproj", "{B4787157-AED5-4E2A-964D-107E7919C067}"
EndProject
Project("{FAE04EC0-301F-11D3-BF4B-00C04F79EFBC}") = "WuHu.Common", "WuHu.Common\WuHu.Common.csproj", "{0A9ECFC0-B340-41B8-B94D-302BDBB6162D}"
EndProject
Project("{FAE04EC0-301F-11D3-BF4B-00C04F79EFBC}") = "WuHu.Domain", "WuHu.Domain\WuHu.Domain.csproj", "{5834D772-3DCF-44C3-88D9-9D76732BC033}"
EndProject
Project("{FAE04EC0-301F-11D3-BF4B-00C04F79EFBC}") = "UnitTests", "UnitTests\UnitTests.csproj", "{DC9B22D4-D15B-446E-9C92-0CB028321182}"
EndProject
Project("{FAE04EC0-301F-11D3-BF4B-00C04F79EFBC}") = "WuHu.Terminal", "WuHu.Terminal\WuHu.Terminal.csproj", "{4D897354-323F-48C7-B6A4-47B10D0C6F7E}"
EndProject
Project("{FAE04EC0-301F-11D3-BF4B-00C04F79EFBC}") = "WuHu.WebAPI", "WuHu.WebAPI\WuHu.WebAPI.csproj", "{0C443D0F-3561-4502-961A-8F09F923F9D7}"
EndProject
Project("{FAE04EC0-301F-11D3-BF4B-00C04F79EFBC}") = "WuHu.BusinessLogic", "WuHu.BusinessLogic\WuHu.BusinessLogic.csproj", "{457FC88E-1C41-4B7C-B609-3287BECC71DE}"
EndProject
Project("{FAE04EC0-301F-11D3-BF4B-00C04F79EFBC}") = "Wuhu.InitDatabase", "Wuhu.InitDatabase\Wuhu.InitDatabase.csproj", "{E1A388D1-F08E-4A14-A7B0-D153C0256758}"
EndProject
Global
	GlobalSection(SolutionConfigurationPlatforms) = preSolution
		Debug|Any CPU = Debug|Any CPU
		Debug|ARM = Debug|ARM
		Debug|x64 = Debug|x64
		Debug|x86 = Debug|x86
		Release|Any CPU = Release|Any CPU
		Release|ARM = Release|ARM
		Release|x64 = Release|x64
		Release|x86 = Release|x86
	EndGlobalSection
	GlobalSection(ProjectConfigurationPlatforms) = postSolution
		{B4787157-AED5-4E2A-964D-107E7919C067}.Debug|Any CPU.ActiveCfg = Debug|Any CPU
		{B4787157-AED5-4E2A-964D-107E7919C067}.Debug|Any CPU.Build.0 = Debug|Any CPU
		{B4787157-AED5-4E2A-964D-107E7919C067}.Debug|ARM.ActiveCfg = Debug|Any CPU
		{B4787157-AED5-4E2A-964D-107E7919C067}.Debug|ARM.Build.0 = Debug|Any CPU
		{B4787157-AED5-4E2A-964D-107E7919C067}.Debug|x64.ActiveCfg = Debug|Any CPU
		{B4787157-AED5-4E2A-964D-107E7919C067}.Debug|x64.Build.0 = Debug|Any CPU
		{B4787157-AED5-4E2A-964D-107E7919C067}.Debug|x86.ActiveCfg = Debug|Any CPU
		{B4787157-AED5-4E2A-964D-107E7919C067}.Debug|x86.Build.0 = Debug|Any CPU
		{B4787157-AED5-4E2A-964D-107E7919C067}.Release|Any CPU.ActiveCfg = Release|Any CPU
		{B4787157-AED5-4E2A-964D-107E7919C067}.Release|Any CPU.Build.0 = Release|Any CPU
		{B4787157-AED5-4E2A-964D-107E7919C067}.Release|ARM.ActiveCfg = Release|Any CPU
		{B4787157-AED5-4E2A-964D-107E7919C067}.Release|ARM.Build.0 = Release|Any CPU
		{B4787157-AED5-4E2A-964D-107E7919C067}.Release|x64.ActiveCfg = Release|Any CPU
		{B4787157-AED5-4E2A-964D-107E7919C067}.Release|x64.Build.0 = Release|Any CPU
		{B4787157-AED5-4E2A-964D-107E7919C067}.Release|x86.ActiveCfg = Release|Any CPU
		{B4787157-AED5-4E2A-964D-107E7919C067}.Release|x86.Build.0 = Release|Any CPU
		{0A9ECFC0-B340-41B8-B94D-302BDBB6162D}.Debug|Any CPU.ActiveCfg = Debug|Any CPU
		{0A9ECFC0-B340-41B8-B94D-302BDBB6162D}.Debug|Any CPU.Build.0 = Debug|Any CPU
		{0A9ECFC0-B340-41B8-B94D-302BDBB6162D}.Debug|ARM.ActiveCfg = Debug|Any CPU
		{0A9ECFC0-B340-41B8-B94D-302BDBB6162D}.Debug|ARM.Build.0 = Debug|Any CPU
		{0A9ECFC0-B340-41B8-B94D-302BDBB6162D}.Debug|x64.ActiveCfg = Debug|Any CPU
		{0A9ECFC0-B340-41B8-B94D-302BDBB6162D}.Debug|x64.Build.0 = Debug|Any CPU
		{0A9ECFC0-B340-41B8-B94D-302BDBB6162D}.Debug|x86.ActiveCfg = Debug|Any CPU
		{0A9ECFC0-B340-41B8-B94D-302BDBB6162D}.Debug|x86.Build.0 = Debug|Any CPU
		{0A9ECFC0-B340-41B8-B94D-302BDBB6162D}.Release|Any CPU.ActiveCfg = Release|Any CPU
		{0A9ECFC0-B340-41B8-B94D-302BDBB6162D}.Release|Any CPU.Build.0 = Release|Any CPU
		{0A9ECFC0-B340-41B8-B94D-302BDBB6162D}.Release|ARM.ActiveCfg = Release|Any CPU
		{0A9ECFC0-B340-41B8-B94D-302BDBB6162D}.Release|ARM.Build.0 = Release|Any CPU
		{0A9ECFC0-B340-41B8-B94D-302BDBB6162D}.Release|x64.ActiveCfg = Release|Any CPU
		{0A9ECFC0-B340-41B8-B94D-302BDBB6162D}.Release|x64.Build.0 = Release|Any CPU
		{0A9ECFC0-B340-41B8-B94D-302BDBB6162D}.Release|x86.ActiveCfg = Release|Any CPU
		{0A9ECFC0-B340-41B8-B94D-302BDBB6162D}.Release|x86.Build.0 = Release|Any CPU
		{5834D772-3DCF-44C3-88D9-9D76732BC033}.Debug|Any CPU.ActiveCfg = Debug|Any CPU
		{5834D772-3DCF-44C3-88D9-9D76732BC033}.Debug|Any CPU.Build.0 = Debug|Any CPU
		{5834D772-3DCF-44C3-88D9-9D76732BC033}.Debug|ARM.ActiveCfg = Debug|Any CPU
		{5834D772-3DCF-44C3-88D9-9D76732BC033}.Debug|ARM.Build.0 = Debug|Any CPU
		{5834D772-3DCF-44C3-88D9-9D76732BC033}.Debug|x64.ActiveCfg = Debug|Any CPU
		{5834D772-3DCF-44C3-88D9-9D76732BC033}.Debug|x64.Build.0 = Debug|Any CPU
		{5834D772-3DCF-44C3-88D9-9D76732BC033}.Debug|x86.ActiveCfg = Debug|Any CPU
		{5834D772-3DCF-44C3-88D9-9D76732BC033}.Debug|x86.Build.0 = Debug|Any CPU
		{5834D772-3DCF-44C3-88D9-9D76732BC033}.Release|Any CPU.ActiveCfg = Release|Any CPU
		{5834D772-3DCF-44C3-88D9-9D76732BC033}.Release|Any CPU.Build.0 = Release|Any CPU
		{5834D772-3DCF-44C3-88D9-9D76732BC033}.Release|ARM.ActiveCfg = Release|Any CPU
		{5834D772-3DCF-44C3-88D9-9D76732BC033}.Release|ARM.Build.0 = Release|Any CPU
		{5834D772-3DCF-44C3-88D9-9D76732BC033}.Release|x64.ActiveCfg = Release|Any CPU
		{5834D772-3DCF-44C3-88D9-9D76732BC033}.Release|x64.Build.0 = Release|Any CPU
		{5834D772-3DCF-44C3-88D9-9D76732BC033}.Release|x86.ActiveCfg = Release|Any CPU
		{5834D772-3DCF-44C3-88D9-9D76732BC033}.Release|x86.Build.0 = Release|Any CPU
		{DC9B22D4-D15B-446E-9C92-0CB028321182}.Debug|Any CPU.ActiveCfg = Debug|Any CPU
		{DC9B22D4-D15B-446E-9C92-0CB028321182}.Debug|Any CPU.Build.0 = Debug|Any CPU
		{DC9B22D4-D15B-446E-9C92-0CB028321182}.Debug|ARM.ActiveCfg = Debug|Any CPU
		{DC9B22D4-D15B-446E-9C92-0CB028321182}.Debug|ARM.Build.0 = Debug|Any CPU
		{DC9B22D4-D15B-446E-9C92-0CB028321182}.Debug|x64.ActiveCfg = Debug|Any CPU
		{DC9B22D4-D15B-446E-9C92-0CB028321182}.Debug|x64.Build.0 = Debug|Any CPU
		{DC9B22D4-D15B-446E-9C92-0CB028321182}.Debug|x86.ActiveCfg = Debug|Any CPU
		{DC9B22D4-D15B-446E-9C92-0CB028321182}.Debug|x86.Build.0 = Debug|Any CPU
		{DC9B22D4-D15B-446E-9C92-0CB028321182}.Release|Any CPU.ActiveCfg = Release|Any CPU
		{DC9B22D4-D15B-446E-9C92-0CB028321182}.Release|Any CPU.Build.0 = Release|Any CPU
		{DC9B22D4-D15B-446E-9C92-0CB028321182}.Release|ARM.ActiveCfg = Release|Any CPU
		{DC9B22D4-D15B-446E-9C92-0CB028321182}.Release|ARM.Build.0 = Release|Any CPU
		{DC9B22D4-D15B-446E-9C92-0CB028321182}.Release|x64.ActiveCfg = Release|Any CPU
		{DC9B22D4-D15B-446E-9C92-0CB028321182}.Release|x64.Build.0 = Release|Any CPU
		{DC9B22D4-D15B-446E-9C92-0CB028321182}.Release|x86.ActiveCfg = Release|Any CPU
		{DC9B22D4-D15B-446E-9C92-0CB028321182}.Release|x86.Build.0 = Release|Any CPU
		{4D897354-323F-48C7-B6A4-47B10D0C6F7E}.Debug|Any CPU.ActiveCfg = Debug|Any CPU
		{4D897354-323F-48C7-B6A4-47B10D0C6F7E}.Debug|Any CPU.Build.0 = Debug|Any CPU
		{4D897354-323F-48C7-B6A4-47B10D0C6F7E}.Debug|ARM.ActiveCfg = Debug|Any CPU
		{4D897354-323F-48C7-B6A4-47B10D0C6F7E}.Debug|ARM.Build.0 = Debug|Any CPU
		{4D897354-323F-48C7-B6A4-47B10D0C6F7E}.Debug|x64.ActiveCfg = Debug|Any CPU
		{4D897354-323F-48C7-B6A4-47B10D0C6F7E}.Debug|x64.Build.0 = Debug|Any CPU
		{4D897354-323F-48C7-B6A4-47B10D0C6F7E}.Debug|x86.ActiveCfg = Debug|Any CPU
		{4D897354-323F-48C7-B6A4-47B10D0C6F7E}.Debug|x86.Build.0 = Debug|Any CPU
		{4D897354-323F-48C7-B6A4-47B10D0C6F7E}.Release|Any CPU.ActiveCfg = Release|Any CPU
		{4D897354-323F-48C7-B6A4-47B10D0C6F7E}.Release|Any CPU.Build.0 = Release|Any CPU
		{4D897354-323F-48C7-B6A4-47B10D0C6F7E}.Release|ARM.ActiveCfg = Release|Any CPU
		{4D897354-323F-48C7-B6A4-47B10D0C6F7E}.Release|ARM.Build.0 = Release|Any CPU
		{4D897354-323F-48C7-B6A4-47B10D0C6F7E}.Release|x64.ActiveCfg = Release|Any CPU
		{4D897354-323F-48C7-B6A4-47B10D0C6F7E}.Release|x64.Build.0 = Release|Any CPU
		{4D897354-323F-48C7-B6A4-47B10D0C6F7E}.Release|x86.ActiveCfg = Release|Any CPU
		{4D897354-323F-48C7-B6A4-47B10D0C6F7E}.Release|x86.Build.0 = Release|Any CPU
		{0C443D0F-3561-4502-961A-8F09F923F9D7}.Debug|Any CPU.ActiveCfg = Debug|Any CPU
		{0C443D0F-3561-4502-961A-8F09F923F9D7}.Debug|Any CPU.Build.0 = Debug|Any CPU
		{0C443D0F-3561-4502-961A-8F09F923F9D7}.Debug|ARM.ActiveCfg = Debug|Any CPU
		{0C443D0F-3561-4502-961A-8F09F923F9D7}.Debug|ARM.Build.0 = Debug|Any CPU
		{0C443D0F-3561-4502-961A-8F09F923F9D7}.Debug|x64.ActiveCfg = Debug|Any CPU
		{0C443D0F-3561-4502-961A-8F09F923F9D7}.Debug|x64.Build.0 = Debug|Any CPU
		{0C443D0F-3561-4502-961A-8F09F923F9D7}.Debug|x86.ActiveCfg = Debug|Any CPU
		{0C443D0F-3561-4502-961A-8F09F923F9D7}.Debug|x86.Build.0 = Debug|Any CPU
		{0C443D0F-3561-4502-961A-8F09F923F9D7}.Release|Any CPU.ActiveCfg = Release|Any CPU
		{0C443D0F-3561-4502-961A-8F09F923F9D7}.Release|Any CPU.Build.0 = Release|Any CPU
		{0C443D0F-3561-4502-961A-8F09F923F9D7}.Release|ARM.ActiveCfg = Release|Any CPU
		{0C443D0F-3561-4502-961A-8F09F923F9D7}.Release|ARM.Build.0 = Release|Any CPU
		{0C443D0F-3561-4502-961A-8F09F923F9D7}.Release|x64.ActiveCfg = Release|Any CPU
		{0C443D0F-3561-4502-961A-8F09F923F9D7}.Release|x64.Build.0 = Release|Any CPU
		{0C443D0F-3561-4502-961A-8F09F923F9D7}.Release|x86.ActiveCfg = Release|Any CPU
		{0C443D0F-3561-4502-961A-8F09F923F9D7}.Release|x86.Build.0 = Release|Any CPU
		{457FC88E-1C41-4B7C-B609-3287BECC71DE}.Debug|Any CPU.ActiveCfg = Debug|Any CPU
		{457FC88E-1C41-4B7C-B609-3287BECC71DE}.Debug|Any CPU.Build.0 = Debug|Any CPU
		{457FC88E-1C41-4B7C-B609-3287BECC71DE}.Debug|ARM.ActiveCfg = Debug|Any CPU
		{457FC88E-1C41-4B7C-B609-3287BECC71DE}.Debug|ARM.Build.0 = Debug|Any CPU
		{457FC88E-1C41-4B7C-B609-3287BECC71DE}.Debug|x64.ActiveCfg = Debug|Any CPU
		{457FC88E-1C41-4B7C-B609-3287BECC71DE}.Debug|x64.Build.0 = Debug|Any CPU
		{457FC88E-1C41-4B7C-B609-3287BECC71DE}.Debug|x86.ActiveCfg = Debug|Any CPU
		{457FC88E-1C41-4B7C-B609-3287BECC71DE}.Debug|x86.Build.0 = Debug|Any CPU
		{457FC88E-1C41-4B7C-B609-3287BECC71DE}.Release|Any CPU.ActiveCfg = Release|Any CPU
		{457FC88E-1C41-4B7C-B609-3287BECC71DE}.Release|Any CPU.Build.0 = Release|Any CPU
		{457FC88E-1C41-4B7C-B609-3287BECC71DE}.Release|ARM.ActiveCfg = Release|Any CPU
		{457FC88E-1C41-4B7C-B609-3287BECC71DE}.Release|ARM.Build.0 = Release|Any CPU
		{457FC88E-1C41-4B7C-B609-3287BECC71DE}.Release|x64.ActiveCfg = Release|Any CPU
		{457FC88E-1C41-4B7C-B609-3287BECC71DE}.Release|x64.Build.0 = Release|Any CPU
		{457FC88E-1C41-4B7C-B609-3287BECC71DE}.Release|x86.ActiveCfg = Release|Any CPU
		{457FC88E-1C41-4B7C-B609-3287BECC71DE}.Release|x86.Build.0 = Release|Any CPU
		{E1A388D1-F08E-4A14-A7B0-D153C0256758}.Debug|Any CPU.ActiveCfg = Debug|Any CPU
		{E1A388D1-F08E-4A14-A7B0-D153C0256758}.Debug|Any CPU.Build.0 = Debug|Any CPU
		{E1A388D1-F08E-4A14-A7B0-D153C0256758}.Debug|ARM.ActiveCfg = Debug|Any CPU
		{E1A388D1-F08E-4A14-A7B0-D153C0256758}.Debug|ARM.Build.0 = Debug|Any CPU
		{E1A388D1-F08E-4A14-A7B0-D153C0256758}.Debug|x64.ActiveCfg = Debug|Any CPU
		{E1A388D1-F08E-4A14-A7B0-D153C0256758}.Debug|x64.Build.0 = Debug|Any CPU
		{E1A388D1-F08E-4A14-A7B0-D153C0256758}.Debug|x86.ActiveCfg = Debug|Any CPU
		{E1A388D1-F08E-4A14-A7B0-D153C0256758}.Debug|x86.Build.0 = Debug|Any CPU
		{E1A388D1-F08E-4A14-A7B0-D153C0256758}.Release|Any CPU.ActiveCfg = Release|Any CPU
		{E1A388D1-F08E-4A14-A7B0-D153C0256758}.Release|Any CPU.Build.0 = Release|Any CPU
		{E1A388D1-F08E-4A14-A7B0-D153C0256758}.Release|ARM.ActiveCfg = Release|Any CPU
		{E1A388D1-F08E-4A14-A7B0-D153C0256758}.Release|ARM.Build.0 = Release|Any CPU
		{E1A388D1-F08E-4A14-A7B0-D153C0256758}.Release|x64.ActiveCfg = Release|Any CPU
		{E1A388D1-F08E-4A14-A7B0-D153C0256758}.Release|x64.Build.0 = Release|Any CPU
		{E1A388D1-F08E-4A14-A7B0-D153C0256758}.Release|x86.ActiveCfg = Release|Any CPU
		{E1A388D1-F08E-4A14-A7B0-D153C0256758}.Release|x86.Build.0 = Release|Any CPU
	EndGlobalSection
	GlobalSection(SolutionProperties) = preSolution
		HideSolutionNode = FALSE
	EndGlobalSection
EndGlobal
